
Microsoft Visual Studio Solution File, Format Version 12.00
# Visual Studio 15
VisualStudioVersion = 15.0.28307.1300
MinimumVisualStudioVersion = 10.0.40219.1
Project("{8BC9CEB8-8B4A-11D0-8D11-00A0C91BC942}") = "MedianFilter", "MedianFilter\MedianFilter.vcxproj", "{E016EA92-0E19-4393-AD89-58EE7E69C5EE}"
EndProject
Global
	GlobalSection(SolutionConfigurationPlatforms) = preSolution
		Debug|x64 = Debug|x64
		Release|x64 = Release|x64
	EndGlobalSection
	GlobalSection(ProjectConfigurationPlatforms) = postSolution
		{E016EA92-0E19-4393-AD89-58EE7E69C5EE}.Debug|x64.ActiveCfg = Debug|x64
		{E016EA92-0E19-4393-AD89-58EE7E69C5EE}.Debug|x64.Build.0 = Debug|x64
		{E016EA92-0E19-4393-AD89-58EE7E69C5EE}.Release|x64.ActiveCfg = Release|x64
		{E016EA92-0E19-4393-AD89-58EE7E69C5EE}.Release|x64.Build.0 = Release|x64
	EndGlobalSection
	GlobalSection(SolutionProperties) = preSolution
		HideSolutionNode = FALSE
	EndGlobalSection
	GlobalSection(ExtensibilityGlobals) = postSolution
		SolutionGuid = {8115BD9C-C30E-4203-AA6E-F5AD7C9F9D0A}
	EndGlobalSection
EndGlobal
